
Microsoft Visual Studio Solution File, Format Version 12.00
# Visual Studio Version 17
VisualStudioVersion = 17.1.31911.260
MinimumVisualStudioVersion = 10.0.40219.1
Project("{9A19103F-16F7-4668-BE54-9A1E7A4F7556}") = "HappyBusProject.Web", "HappyBusProject\HappyBusProject.Web.csproj", "{688C7210-EED2-449D-9DC1-7A330302CABF}"
EndProject
Project("{9A19103F-16F7-4668-BE54-9A1E7A4F7556}") = "HappyBusProject.Tests", "HappyBusProject.Tests\HappyBusProject.Tests.csproj", "{75CAE445-2DAD-4D44-98C2-A2956B08B040}"
EndProject
Project("{9A19103F-16F7-4668-BE54-9A1E7A4F7556}") = "HappyBusProject.AuthLayer", "HappyBusProject.AuthLayer\HappyBusProject.AuthLayer.csproj", "{CCBCC04D-BC09-4DC6-BA9E-F5F2EE35D609}"
EndProject
Project("{9A19103F-16F7-4668-BE54-9A1E7A4F7556}") = "HappyBusProject.AuthLayer.Common", "HappyBusProject.AuthLayer.Common\HappyBusProject.AuthLayer.Common.csproj", "{4EFAF092-42E7-451D-860F-BF3CC9258C91}"
EndProject
Project("{9A19103F-16F7-4668-BE54-9A1E7A4F7556}") = "HappyBusProject.DB", "HappyBusProject.DB\HappyBusProject.DB.csproj", "{770BD602-3A4A-4448-ACBD-E1159D5A80F4}"
EndProject
Project("{9A19103F-16F7-4668-BE54-9A1E7A4F7556}") = "HappyBusProject.Interfaces", "HappyBusProject.Interfaces\HappyBusProject.Interfaces.csproj", "{D63B59F6-BC51-41D2-9AD1-54FBE0C7E95C}"
EndProject
Project("{9A19103F-16F7-4668-BE54-9A1E7A4F7556}") = "HappyBusProject.BusinessLayer", "HappyBusProject.BusinessLayer\HappyBusProject.BusinessLayer.csproj", "{A1F921AF-012F-44A1-829C-89638E4B15F0}"
EndProject
Global
	GlobalSection(SolutionConfigurationPlatforms) = preSolution
		Debug|Any CPU = Debug|Any CPU
		Release|Any CPU = Release|Any CPU
	EndGlobalSection
	GlobalSection(ProjectConfigurationPlatforms) = postSolution
		{688C7210-EED2-449D-9DC1-7A330302CABF}.Debug|Any CPU.ActiveCfg = Debug|Any CPU
		{688C7210-EED2-449D-9DC1-7A330302CABF}.Debug|Any CPU.Build.0 = Debug|Any CPU
		{688C7210-EED2-449D-9DC1-7A330302CABF}.Release|Any CPU.ActiveCfg = Release|Any CPU
		{688C7210-EED2-449D-9DC1-7A330302CABF}.Release|Any CPU.Build.0 = Release|Any CPU
		{75CAE445-2DAD-4D44-98C2-A2956B08B040}.Debug|Any CPU.ActiveCfg = Debug|Any CPU
		{75CAE445-2DAD-4D44-98C2-A2956B08B040}.Debug|Any CPU.Build.0 = Debug|Any CPU
		{75CAE445-2DAD-4D44-98C2-A2956B08B040}.Release|Any CPU.ActiveCfg = Release|Any CPU
		{75CAE445-2DAD-4D44-98C2-A2956B08B040}.Release|Any CPU.Build.0 = Release|Any CPU
		{CCBCC04D-BC09-4DC6-BA9E-F5F2EE35D609}.Debug|Any CPU.ActiveCfg = Debug|Any CPU
		{CCBCC04D-BC09-4DC6-BA9E-F5F2EE35D609}.Debug|Any CPU.Build.0 = Debug|Any CPU
		{CCBCC04D-BC09-4DC6-BA9E-F5F2EE35D609}.Release|Any CPU.ActiveCfg = Release|Any CPU
		{CCBCC04D-BC09-4DC6-BA9E-F5F2EE35D609}.Release|Any CPU.Build.0 = Release|Any CPU
		{4EFAF092-42E7-451D-860F-BF3CC9258C91}.Debug|Any CPU.ActiveCfg = Debug|Any CPU
		{4EFAF092-42E7-451D-860F-BF3CC9258C91}.Debug|Any CPU.Build.0 = Debug|Any CPU
		{4EFAF092-42E7-451D-860F-BF3CC9258C91}.Release|Any CPU.ActiveCfg = Release|Any CPU
		{4EFAF092-42E7-451D-860F-BF3CC9258C91}.Release|Any CPU.Build.0 = Release|Any CPU
		{770BD602-3A4A-4448-ACBD-E1159D5A80F4}.Debug|Any CPU.ActiveCfg = Debug|Any CPU
		{770BD602-3A4A-4448-ACBD-E1159D5A80F4}.Debug|Any CPU.Build.0 = Debug|Any CPU
		{770BD602-3A4A-4448-ACBD-E1159D5A80F4}.Release|Any CPU.ActiveCfg = Release|Any CPU
		{770BD602-3A4A-4448-ACBD-E1159D5A80F4}.Release|Any CPU.Build.0 = Release|Any CPU
		{D63B59F6-BC51-41D2-9AD1-54FBE0C7E95C}.Debug|Any CPU.ActiveCfg = Debug|Any CPU
		{D63B59F6-BC51-41D2-9AD1-54FBE0C7E95C}.Debug|Any CPU.Build.0 = Debug|Any CPU
		{D63B59F6-BC51-41D2-9AD1-54FBE0C7E95C}.Release|Any CPU.ActiveCfg = Release|Any CPU
		{D63B59F6-BC51-41D2-9AD1-54FBE0C7E95C}.Release|Any CPU.Build.0 = Release|Any CPU
		{A1F921AF-012F-44A1-829C-89638E4B15F0}.Debug|Any CPU.ActiveCfg = Debug|Any CPU
		{A1F921AF-012F-44A1-829C-89638E4B15F0}.Debug|Any CPU.Build.0 = Debug|Any CPU
		{A1F921AF-012F-44A1-829C-89638E4B15F0}.Release|Any CPU.ActiveCfg = Release|Any CPU
		{A1F921AF-012F-44A1-829C-89638E4B15F0}.Release|Any CPU.Build.0 = Release|Any CPU
	EndGlobalSection
	GlobalSection(SolutionProperties) = preSolution
		HideSolutionNode = FALSE
	EndGlobalSection
	GlobalSection(ExtensibilityGlobals) = postSolution
		SolutionGuid = {D533552D-B8B3-4D7E-8551-6D8144117F63}
	EndGlobalSection
EndGlobal
