
Microsoft Visual Studio Solution File, Format Version 12.00
# Visual Studio Version 16
VisualStudioVersion = 16.0.31702.278
MinimumVisualStudioVersion = 10.0.40219.1
Project("{9A19103F-16F7-4668-BE54-9A1E7A4F7556}") = "HappyBusProject", "HappyBusProject\HappyBusProject.csproj", "{688C7210-EED2-449D-9DC1-7A330302CABF}"
	ProjectSection(ProjectDependencies) = postProject
		{3F692B81-B31F-4852-B119-6ABE486633F0} = {3F692B81-B31F-4852-B119-6ABE486633F0}
	EndProjectSection
EndProject
Project("{9A19103F-16F7-4668-BE54-9A1E7A4F7556}") = "HappyBusProject.Tests", "HappyBusProject.Tests\HappyBusProject.Tests.csproj", "{75CAE445-2DAD-4D44-98C2-A2956B08B040}"
EndProject
Project("{9A19103F-16F7-4668-BE54-9A1E7A4F7556}") = "HappyBusProject.AuthLayer", "HappyBusProject.AuthLayer\HappyBusProject.AuthLayer.csproj", "{CCBCC04D-BC09-4DC6-BA9E-F5F2EE35D609}"
EndProject
Project("{9A19103F-16F7-4668-BE54-9A1E7A4F7556}") = "HappyBusProject.AuthLayer.Common", "HappyBusProject.AuthLayer.Common\HappyBusProject.AuthLayer.Common.csproj", "{4EFAF092-42E7-451D-860F-BF3CC9258C91}"
EndProject
Project("{9A19103F-16F7-4668-BE54-9A1E7A4F7556}") = "HappyBusProject.SmsNotificationLayer", "HappyBusProject.SmsNotificationLayer\HappyBusProject.SmsNotificationLayer.csproj", "{2170EC4C-0BCF-4DA4-8193-0E35A8E4A421}"
EndProject
Project("{9A19103F-16F7-4668-BE54-9A1E7A4F7556}") = "HappyBusProject.BusinessLayer", "HappyBusProject.BusinessLayer\HappyBusProject.BusinessLayer.csproj", "{C5BA2754-5622-42F4-85FF-39F6C82CF814}"
EndProject
Project("{9A19103F-16F7-4668-BE54-9A1E7A4F7556}") = "HappyBusProject.DB", "HappyBusProject.DB\HappyBusProject.DB.csproj", "{3F692B81-B31F-4852-B119-6ABE486633F0}"
EndProject
Project("{9A19103F-16F7-4668-BE54-9A1E7A4F7556}") = "HappyBusProject.Interfaces", "HappyBusProject.Interfaces\HappyBusProject.Interfaces.csproj", "{92BAD68A-5DDF-4902-A516-CC30EDDFFE61}"
EndProject
Project("{9A19103F-16F7-4668-BE54-9A1E7A4F7556}") = "HappyBusProject.Web", "HappyBusProject.Web\HappyBusProject.Web.csproj", "{6C76BA97-4A8F-4FB6-B458-2F0605576221}"
EndProject
Global
	GlobalSection(SolutionConfigurationPlatforms) = preSolution
		Debug|Any CPU = Debug|Any CPU
		Release|Any CPU = Release|Any CPU
	EndGlobalSection
	GlobalSection(ProjectConfigurationPlatforms) = postSolution
		{688C7210-EED2-449D-9DC1-7A330302CABF}.Debug|Any CPU.ActiveCfg = Debug|Any CPU
		{688C7210-EED2-449D-9DC1-7A330302CABF}.Debug|Any CPU.Build.0 = Debug|Any CPU
		{688C7210-EED2-449D-9DC1-7A330302CABF}.Release|Any CPU.ActiveCfg = Release|Any CPU
		{688C7210-EED2-449D-9DC1-7A330302CABF}.Release|Any CPU.Build.0 = Release|Any CPU
		{75CAE445-2DAD-4D44-98C2-A2956B08B040}.Debug|Any CPU.ActiveCfg = Debug|Any CPU
		{75CAE445-2DAD-4D44-98C2-A2956B08B040}.Debug|Any CPU.Build.0 = Debug|Any CPU
		{75CAE445-2DAD-4D44-98C2-A2956B08B040}.Release|Any CPU.ActiveCfg = Release|Any CPU
		{75CAE445-2DAD-4D44-98C2-A2956B08B040}.Release|Any CPU.Build.0 = Release|Any CPU
		{CCBCC04D-BC09-4DC6-BA9E-F5F2EE35D609}.Debug|Any CPU.ActiveCfg = Debug|Any CPU
		{CCBCC04D-BC09-4DC6-BA9E-F5F2EE35D609}.Debug|Any CPU.Build.0 = Debug|Any CPU
		{CCBCC04D-BC09-4DC6-BA9E-F5F2EE35D609}.Release|Any CPU.ActiveCfg = Release|Any CPU
		{CCBCC04D-BC09-4DC6-BA9E-F5F2EE35D609}.Release|Any CPU.Build.0 = Release|Any CPU
		{4EFAF092-42E7-451D-860F-BF3CC9258C91}.Debug|Any CPU.ActiveCfg = Debug|Any CPU
		{4EFAF092-42E7-451D-860F-BF3CC9258C91}.Debug|Any CPU.Build.0 = Debug|Any CPU
		{4EFAF092-42E7-451D-860F-BF3CC9258C91}.Release|Any CPU.ActiveCfg = Release|Any CPU
		{4EFAF092-42E7-451D-860F-BF3CC9258C91}.Release|Any CPU.Build.0 = Release|Any CPU
		{2170EC4C-0BCF-4DA4-8193-0E35A8E4A421}.Debug|Any CPU.ActiveCfg = Debug|Any CPU
		{2170EC4C-0BCF-4DA4-8193-0E35A8E4A421}.Debug|Any CPU.Build.0 = Debug|Any CPU
		{2170EC4C-0BCF-4DA4-8193-0E35A8E4A421}.Release|Any CPU.ActiveCfg = Release|Any CPU
		{2170EC4C-0BCF-4DA4-8193-0E35A8E4A421}.Release|Any CPU.Build.0 = Release|Any CPU
		{C5BA2754-5622-42F4-85FF-39F6C82CF814}.Debug|Any CPU.ActiveCfg = Debug|Any CPU
		{C5BA2754-5622-42F4-85FF-39F6C82CF814}.Debug|Any CPU.Build.0 = Debug|Any CPU
		{C5BA2754-5622-42F4-85FF-39F6C82CF814}.Release|Any CPU.ActiveCfg = Release|Any CPU
		{C5BA2754-5622-42F4-85FF-39F6C82CF814}.Release|Any CPU.Build.0 = Release|Any CPU
		{3F692B81-B31F-4852-B119-6ABE486633F0}.Debug|Any CPU.ActiveCfg = Debug|Any CPU
		{3F692B81-B31F-4852-B119-6ABE486633F0}.Debug|Any CPU.Build.0 = Debug|Any CPU
		{3F692B81-B31F-4852-B119-6ABE486633F0}.Release|Any CPU.ActiveCfg = Release|Any CPU
		{3F692B81-B31F-4852-B119-6ABE486633F0}.Release|Any CPU.Build.0 = Release|Any CPU
		{92BAD68A-5DDF-4902-A516-CC30EDDFFE61}.Debug|Any CPU.ActiveCfg = Debug|Any CPU
		{92BAD68A-5DDF-4902-A516-CC30EDDFFE61}.Debug|Any CPU.Build.0 = Debug|Any CPU
		{92BAD68A-5DDF-4902-A516-CC30EDDFFE61}.Release|Any CPU.ActiveCfg = Release|Any CPU
		{92BAD68A-5DDF-4902-A516-CC30EDDFFE61}.Release|Any CPU.Build.0 = Release|Any CPU
		{6C76BA97-4A8F-4FB6-B458-2F0605576221}.Debug|Any CPU.ActiveCfg = Debug|Any CPU
		{6C76BA97-4A8F-4FB6-B458-2F0605576221}.Debug|Any CPU.Build.0 = Debug|Any CPU
		{6C76BA97-4A8F-4FB6-B458-2F0605576221}.Release|Any CPU.ActiveCfg = Release|Any CPU
		{6C76BA97-4A8F-4FB6-B458-2F0605576221}.Release|Any CPU.Build.0 = Release|Any CPU
	EndGlobalSection
	GlobalSection(SolutionProperties) = preSolution
		HideSolutionNode = FALSE
	EndGlobalSection
	GlobalSection(ExtensibilityGlobals) = postSolution
		SolutionGuid = {D533552D-B8B3-4D7E-8551-6D8144117F63}
	EndGlobalSection
EndGlobal
